// !$*UTF8*$!
{
	archiveVersion = 1;
	classes = {
	};
	objectVersion = 46;
	objects = {

/* Begin PBXBuildFile section */
		907E0CFC142B2DBB00637571 /* UIKit.framework in Frameworks */ = {isa = PBXBuildFile; fileRef = 907E0CFB142B2DBB00637571 /* UIKit.framework */; };
		907E0CFE142B2DBB00637571 /* Foundation.framework in Frameworks */ = {isa = PBXBuildFile; fileRef = 907E0CFD142B2DBB00637571 /* Foundation.framework */; };
		907E0D00142B2DBB00637571 /* CoreGraphics.framework in Frameworks */ = {isa = PBXBuildFile; fileRef = 907E0CFF142B2DBB00637571 /* CoreGraphics.framework */; };
		907E0D06142B2DBB00637571 /* InfoPlist.strings in Resources */ = {isa = PBXBuildFile; fileRef = 907E0D04142B2DBB00637571 /* InfoPlist.strings */; };
		907E0D09142B2DBB00637571 /* main.m in Sources */ = {isa = PBXBuildFile; fileRef = 907E0D08142B2DBB00637571 /* main.m */; };
		907E0D0C142B2DBB00637571 /* TwitSearchAppDelegate.m in Sources */ = {isa = PBXBuildFile; fileRef = 907E0D0B142B2DBB00637571 /* TwitSearchAppDelegate.m */; };
		907E0D0F142B2DBB00637571 /* MainWindow.xib in Resources */ = {isa = PBXBuildFile; fileRef = 907E0D0D142B2DBB00637571 /* MainWindow.xib */; };
		907E0D1E142B2E3000637571 /* SearchInputViewController.m in Sources */ = {isa = PBXBuildFile; fileRef = 907E0D1C142B2E3000637571 /* SearchInputViewController.m */; };
		907E0D1F142B2E3000637571 /* SearchInputViewController.xib in Resources */ = {isa = PBXBuildFile; fileRef = 907E0D1D142B2E3000637571 /* SearchInputViewController.xib */; };
		90B4183C142B6E900039E554 /* TwitTableViewCell.m in Sources */ = {isa = PBXBuildFile; fileRef = 90B4183B142B6E900039E554 /* TwitTableViewCell.m */; };
		90D48881142B334200E43AB2 /* SearchResultsViewController.m in Sources */ = {isa = PBXBuildFile; fileRef = 90D4887F142B334200E43AB2 /* SearchResultsViewController.m */; };
		90D48882142B334200E43AB2 /* SearchResultsViewController.xib in Resources */ = {isa = PBXBuildFile; fileRef = 90D48880142B334200E43AB2 /* SearchResultsViewController.xib */; };
		90D48887142B371800E43AB2 /* JSONKit.m in Sources */ = {isa = PBXBuildFile; fileRef = 90D48886142B371800E43AB2 /* JSONKit.m */; };
		90D48895142B3F0700E43AB2 /* WebViewController.m in Sources */ = {isa = PBXBuildFile; fileRef = 90D48893142B3F0700E43AB2 /* WebViewController.m */; };
		90D48896142B3F0700E43AB2 /* WebViewController.xib in Resources */ = {isa = PBXBuildFile; fileRef = 90D48894142B3F0700E43AB2 /* WebViewController.xib */; };
/* End PBXBuildFile section */

/* Begin PBXFileReference section */
		907E0CF7142B2DBB00637571 /* TwitSearch.app */ = {isa = PBXFileReference; explicitFileType = wrapper.application; includeInIndex = 0; path = TwitSearch.app; sourceTree = BUILT_PRODUCTS_DIR; };
		907E0CFB142B2DBB00637571 /* UIKit.framework */ = {isa = PBXFileReference; lastKnownFileType = wrapper.framework; name = UIKit.framework; path = System/Library/Frameworks/UIKit.framework; sourceTree = SDKROOT; };
		907E0CFD142B2DBB00637571 /* Foundation.framework */ = {isa = PBXFileReference; lastKnownFileType = wrapper.framework; name = Foundation.framework; path = System/Library/Frameworks/Foundation.framework; sourceTree = SDKROOT; };
		907E0CFF142B2DBB00637571 /* CoreGraphics.framework */ = {isa = PBXFileReference; lastKnownFileType = wrapper.framework; name = CoreGraphics.framework; path = System/Library/Frameworks/CoreGraphics.framework; sourceTree = SDKROOT; };
		907E0D03142B2DBB00637571 /* TwitSearch-Info.plist */ = {isa = PBXFileReference; lastKnownFileType = text.plist.xml; path = "TwitSearch-Info.plist"; sourceTree = "<group>"; };
		907E0D05142B2DBB00637571 /* en */ = {isa = PBXFileReference; lastKnownFileType = text.plist.strings; name = en; path = en.lproj/InfoPlist.strings; sourceTree = "<group>"; };
		907E0D07142B2DBB00637571 /* TwitSearch-Prefix.pch */ = {isa = PBXFileReference; lastKnownFileType = sourcecode.c.h; path = "TwitSearch-Prefix.pch"; sourceTree = "<group>"; };
		907E0D08142B2DBB00637571 /* main.m */ = {isa = PBXFileReference; lastKnownFileType = sourcecode.c.objc; path = main.m; sourceTree = "<group>"; };
		907E0D0A142B2DBB00637571 /* TwitSearchAppDelegate.h */ = {isa = PBXFileReference; lastKnownFileType = sourcecode.c.h; path = TwitSearchAppDelegate.h; sourceTree = "<group>"; };
		907E0D0B142B2DBB00637571 /* TwitSearchAppDelegate.m */ = {isa = PBXFileReference; lastKnownFileType = sourcecode.c.objc; path = TwitSearchAppDelegate.m; sourceTree = "<group>"; };
		907E0D0E142B2DBB00637571 /* en */ = {isa = PBXFileReference; lastKnownFileType = file.xib; name = en; path = en.lproj/MainWindow.xib; sourceTree = "<group>"; };
		907E0D1B142B2E3000637571 /* SearchInputViewController.h */ = {isa = PBXFileReference; fileEncoding = 4; lastKnownFileType = sourcecode.c.h; path = SearchInputViewController.h; sourceTree = "<group>"; };
		907E0D1C142B2E3000637571 /* SearchInputViewController.m */ = {isa = PBXFileReference; fileEncoding = 4; lastKnownFileType = sourcecode.c.objc; path = SearchInputViewController.m; sourceTree = "<group>"; };
		907E0D1D142B2E3000637571 /* SearchInputViewController.xib */ = {isa = PBXFileReference; fileEncoding = 4; lastKnownFileType = file.xib; path = SearchInputViewController.xib; sourceTree = "<group>"; };
		90B4183A142B6E900039E554 /* TwitTableViewCell.h */ = {isa = PBXFileReference; fileEncoding = 4; lastKnownFileType = sourcecode.c.h; path = TwitTableViewCell.h; sourceTree = "<group>"; };
		90B4183B142B6E900039E554 /* TwitTableViewCell.m */ = {isa = PBXFileReference; fileEncoding = 4; lastKnownFileType = sourcecode.c.objc; path = TwitTableViewCell.m; sourceTree = "<group>"; };
		90D4887E142B334200E43AB2 /* SearchResultsViewController.h */ = {isa = PBXFileReference; fileEncoding = 4; lastKnownFileType = sourcecode.c.h; path = SearchResultsViewController.h; sourceTree = "<group>"; };
		90D4887F142B334200E43AB2 /* SearchResultsViewController.m */ = {isa = PBXFileReference; fileEncoding = 4; lastKnownFileType = sourcecode.c.objc; path = SearchResultsViewController.m; sourceTree = "<group>"; };
		90D48880142B334200E43AB2 /* SearchResultsViewController.xib */ = {isa = PBXFileReference; fileEncoding = 4; lastKnownFileType = file.xib; path = SearchResultsViewController.xib; sourceTree = "<group>"; };
		90D48885142B371800E43AB2 /* JSONKit.h */ = {isa = PBXFileReference; fileEncoding = 4; lastKnownFileType = sourcecode.c.h; path = JSONKit.h; sourceTree = "<group>"; };
		90D48886142B371800E43AB2 /* JSONKit.m */ = {isa = PBXFileReference; fileEncoding = 4; lastKnownFileType = sourcecode.c.objc; path = JSONKit.m; sourceTree = "<group>"; };
		90D48892142B3F0700E43AB2 /* WebViewController.h */ = {isa = PBXFileReference; fileEncoding = 4; lastKnownFileType = sourcecode.c.h; path = WebViewController.h; sourceTree = "<group>"; };
		90D48893142B3F0700E43AB2 /* WebViewController.m */ = {isa = PBXFileReference; fileEncoding = 4; lastKnownFileType = sourcecode.c.objc; path = WebViewController.m; sourceTree = "<group>"; };
		90D48894142B3F0700E43AB2 /* WebViewController.xib */ = {isa = PBXFileReference; fileEncoding = 4; lastKnownFileType = file.xib; path = WebViewController.xib; sourceTree = "<group>"; };
/* End PBXFileReference section */

/* Begin PBXFrameworksBuildPhase section */
		907E0CF4142B2DBB00637571 /* Frameworks */ = {
			isa = PBXFrameworksBuildPhase;
			buildActionMask = 2147483647;
			files = (
				907E0CFC142B2DBB00637571 /* UIKit.framework in Frameworks */,
				907E0CFE142B2DBB00637571 /* Foundation.framework in Frameworks */,
				907E0D00142B2DBB00637571 /* CoreGraphics.framework in Frameworks */,
			);
			runOnlyForDeploymentPostprocessing = 0;
		};
/* End PBXFrameworksBuildPhase section */

/* Begin PBXGroup section */
		907E0CEC142B2DBB00637571 = {
			isa = PBXGroup;
			children = (
				907E0D01142B2DBB00637571 /* TwitSearch */,
				907E0CFA142B2DBB00637571 /* Frameworks */,
				907E0CF8142B2DBB00637571 /* Products */,
			);
			sourceTree = "<group>";
		};
		907E0CF8142B2DBB00637571 /* Products */ = {
			isa = PBXGroup;
			children = (
				907E0CF7142B2DBB00637571 /* TwitSearch.app */,
			);
			name = Products;
			sourceTree = "<group>";
		};
		907E0CFA142B2DBB00637571 /* Frameworks */ = {
			isa = PBXGroup;
			children = (
				907E0CFB142B2DBB00637571 /* UIKit.framework */,
				907E0CFD142B2DBB00637571 /* Foundation.framework */,
				907E0CFF142B2DBB00637571 /* CoreGraphics.framework */,
			);
			name = Frameworks;
			sourceTree = "<group>";
		};
		907E0D01142B2DBB00637571 /* TwitSearch */ = {
			isa = PBXGroup;
			children = (
				90D48889142B376300E43AB2 /* Controllers */,
				90D48888142B372B00E43AB2 /* View Controllers */,
				907E0D02142B2DBB00637571 /* Supporting Files */,
			);
			path = TwitSearch;
			sourceTree = "<group>";
		};
		907E0D02142B2DBB00637571 /* Supporting Files */ = {
			isa = PBXGroup;
			children = (
				90D48884142B370100E43AB2 /* JSONKit */,
				907E0D03142B2DBB00637571 /* TwitSearch-Info.plist */,
				907E0D04142B2DBB00637571 /* InfoPlist.strings */,
				907E0D07142B2DBB00637571 /* TwitSearch-Prefix.pch */,
				907E0D08142B2DBB00637571 /* main.m */,
				90B4183A142B6E900039E554 /* TwitTableViewCell.h */,
				90B4183B142B6E900039E554 /* TwitTableViewCell.m */,
			);
			name = "Supporting Files";
			sourceTree = "<group>";
		};
		90D48884142B370100E43AB2 /* JSONKit */ = {
			isa = PBXGroup;
			children = (
				90D48885142B371800E43AB2 /* JSONKit.h */,
				90D48886142B371800E43AB2 /* JSONKit.m */,
			);
			name = JSONKit;
			sourceTree = "<group>";
		};
		90D48888142B372B00E43AB2 /* View Controllers */ = {
			isa = PBXGroup;
			children = (
				907E0D1B142B2E3000637571 /* SearchInputViewController.h */,
				907E0D1C142B2E3000637571 /* SearchInputViewController.m */,
				907E0D1D142B2E3000637571 /* SearchInputViewController.xib */,
				90D4887E142B334200E43AB2 /* SearchResultsViewController.h */,
				90D4887F142B334200E43AB2 /* SearchResultsViewController.m */,
				90D48880142B334200E43AB2 /* SearchResultsViewController.xib */,
				90D48892142B3F0700E43AB2 /* WebViewController.h */,
				90D48893142B3F0700E43AB2 /* WebViewController.m */,
				90D48894142B3F0700E43AB2 /* WebViewController.xib */,
			);
			name = "View Controllers";
			sourceTree = "<group>";
		};
		90D48889142B376300E43AB2 /* Controllers */ = {
			isa = PBXGroup;
			children = (
				907E0D0A142B2DBB00637571 /* TwitSearchAppDelegate.h */,
				907E0D0B142B2DBB00637571 /* TwitSearchAppDelegate.m */,
				907E0D0D142B2DBB00637571 /* MainWindow.xib */,
			);
			name = Controllers;
			sourceTree = "<group>";
		};
/* End PBXGroup section */

/* Begin PBXNativeTarget section */
		907E0CF6142B2DBB00637571 /* TwitSearch */ = {
			isa = PBXNativeTarget;
			buildConfigurationList = 907E0D18142B2DBB00637571 /* Build configuration list for PBXNativeTarget "TwitSearch" */;
			buildPhases = (
				907E0CF3142B2DBB00637571 /* Sources */,
				907E0CF4142B2DBB00637571 /* Frameworks */,
				907E0CF5142B2DBB00637571 /* Resources */,
			);
			buildRules = (
			);
			dependencies = (
			);
			name = TwitSearch;
			productName = TwitSearch;
			productReference = 907E0CF7142B2DBB00637571 /* TwitSearch.app */;
			productType = "com.apple.product-type.application";
		};
/* End PBXNativeTarget section */

/* Begin PBXProject section */
		907E0CEE142B2DBB00637571 /* Project object */ = {
			isa = PBXProject;
			buildConfigurationList = 907E0CF1142B2DBB00637571 /* Build configuration list for PBXProject "TwitSearch" */;
			compatibilityVersion = "Xcode 3.2";
			developmentRegion = English;
			hasScannedForEncodings = 0;
			knownRegions = (
				en,
			);
			mainGroup = 907E0CEC142B2DBB00637571;
			productRefGroup = 907E0CF8142B2DBB00637571 /* Products */;
			projectDirPath = "";
			projectRoot = "";
			targets = (
				907E0CF6142B2DBB00637571 /* TwitSearch */,
			);
		};
/* End PBXProject section */

/* Begin PBXResourcesBuildPhase section */
		907E0CF5142B2DBB00637571 /* Resources */ = {
			isa = PBXResourcesBuildPhase;
			buildActionMask = 2147483647;
			files = (
				907E0D06142B2DBB00637571 /* InfoPlist.strings in Resources */,
				907E0D0F142B2DBB00637571 /* MainWindow.xib in Resources */,
				907E0D1F142B2E3000637571 /* SearchInputViewController.xib in Resources */,
				90D48882142B334200E43AB2 /* SearchResultsViewController.xib in Resources */,
				90D48896142B3F0700E43AB2 /* WebViewController.xib in Resources */,
			);
			runOnlyForDeploymentPostprocessing = 0;
		};
/* End PBXResourcesBuildPhase section */

/* Begin PBXSourcesBuildPhase section */
		907E0CF3142B2DBB00637571 /* Sources */ = {
			isa = PBXSourcesBuildPhase;
			buildActionMask = 2147483647;
			files = (
				907E0D09142B2DBB00637571 /* main.m in Sources */,
				907E0D0C142B2DBB00637571 /* TwitSearchAppDelegate.m in Sources */,
				907E0D1E142B2E3000637571 /* SearchInputViewController.m in Sources */,
				90D48881142B334200E43AB2 /* SearchResultsViewController.m in Sources */,
				90D48887142B371800E43AB2 /* JSONKit.m in Sources */,
				90D48895142B3F0700E43AB2 /* WebViewController.m in Sources */,
				90B4183C142B6E900039E554 /* TwitTableViewCell.m in Sources */,
			);
			runOnlyForDeploymentPostprocessing = 0;
		};
/* End PBXSourcesBuildPhase section */

/* Begin PBXVariantGroup section */
		907E0D04142B2DBB00637571 /* InfoPlist.strings */ = {
			isa = PBXVariantGroup;
			children = (
				907E0D05142B2DBB00637571 /* en */,
			);
			name = InfoPlist.strings;
			sourceTree = "<group>";
		};
		907E0D0D142B2DBB00637571 /* MainWindow.xib */ = {
			isa = PBXVariantGroup;
			children = (
				907E0D0E142B2DBB00637571 /* en */,
			);
			name = MainWindow.xib;
			sourceTree = "<group>";
		};
/* End PBXVariantGroup section */

/* Begin XCBuildConfiguration section */
		907E0D16142B2DBB00637571 /* Debug */ = {
			isa = XCBuildConfiguration;
			buildSettings = {
				ARCHS = "$(ARCHS_STANDARD_32_BIT)";
				"CODE_SIGN_IDENTITY[sdk=iphoneos*]" = "iPhone Developer";
				GCC_C_LANGUAGE_STANDARD = gnu99;
				GCC_OPTIMIZATION_LEVEL = 0;
				GCC_PREPROCESSOR_DEFINITIONS = DEBUG;
				GCC_SYMBOLS_PRIVATE_EXTERN = NO;
				GCC_VERSION = com.apple.compilers.llvmgcc42;
				GCC_WARN_ABOUT_RETURN_TYPE = YES;
				GCC_WARN_UNUSED_VARIABLE = YES;
				IPHONEOS_DEPLOYMENT_TARGET = 4.3;
				SDKROOT = iphoneos;
			};
			name = Debug;
		};
		907E0D17142B2DBB00637571 /* Release */ = {
			isa = XCBuildConfiguration;
			buildSettings = {
				ARCHS = "$(ARCHS_STANDARD_32_BIT)";
				"CODE_SIGN_IDENTITY[sdk=iphoneos*]" = "iPhone Developer";
				GCC_C_LANGUAGE_STANDARD = gnu99;
				GCC_VERSION = com.apple.compilers.llvmgcc42;
				GCC_WARN_ABOUT_RETURN_TYPE = YES;
				GCC_WARN_UNUSED_VARIABLE = YES;
				IPHONEOS_DEPLOYMENT_TARGET = 4.3;
				OTHER_CFLAGS = "-DNS_BLOCK_ASSERTIONS=1";
				SDKROOT = iphoneos;
			};
			name = Release;
		};
		907E0D19142B2DBB00637571 /* Debug */ = {
			isa = XCBuildConfiguration;
			buildSettings = {
				ALWAYS_SEARCH_USER_PATHS = NO;
				COPY_PHASE_STRIP = NO;
				GCC_DYNAMIC_NO_PIC = NO;
				GCC_PRECOMPILE_PREFIX_HEADER = YES;
				GCC_PREFIX_HEADER = "TwitSearch/TwitSearch-Prefix.pch";
				INFOPLIST_FILE = "TwitSearch/TwitSearch-Info.plist";
				IPHONEOS_DEPLOYMENT_TARGET = 4.3;
				PRODUCT_NAME = "$(TARGET_NAME)";
				WRAPPER_EXTENSION = app;
			};
			name = Debug;
		};
		907E0D1A142B2DBB00637571 /* Release */ = {
			isa = XCBuildConfiguration;
			buildSettings = {
				ALWAYS_SEARCH_USER_PATHS = NO;
				COPY_PHASE_STRIP = YES;
				GCC_PRECOMPILE_PREFIX_HEADER = YES;
				GCC_PREFIX_HEADER = "TwitSearch/TwitSearch-Prefix.pch";
				INFOPLIST_FILE = "TwitSearch/TwitSearch-Info.plist";
				IPHONEOS_DEPLOYMENT_TARGET = 4.3;
				PRODUCT_NAME = "$(TARGET_NAME)";
				VALIDATE_PRODUCT = YES;
				WRAPPER_EXTENSION = app;
			};
			name = Release;
		};
/* End XCBuildConfiguration section */

/* Begin XCConfigurationList section */
		907E0CF1142B2DBB00637571 /* Build configuration list for PBXProject "TwitSearch" */ = {
			isa = XCConfigurationList;
			buildConfigurations = (
				907E0D16142B2DBB00637571 /* Debug */,
				907E0D17142B2DBB00637571 /* Release */,
			);
			defaultConfigurationIsVisible = 0;
			defaultConfigurationName = Release;
		};
		907E0D18142B2DBB00637571 /* Build configuration list for PBXNativeTarget "TwitSearch" */ = {
			isa = XCConfigurationList;
			buildConfigurations = (
				907E0D19142B2DBB00637571 /* Debug */,
				907E0D1A142B2DBB00637571 /* Release */,
			);
			defaultConfigurationIsVisible = 0;
			defaultConfigurationName = Release;
		};
/* End XCConfigurationList section */
	};
	rootObject = 907E0CEE142B2DBB00637571 /* Project object */;
}
